
Microsoft Visual Studio Solution File, Format Version 12.00
# Visual Studio Version 17
VisualStudioVersion = 17.0.31903.59
MinimumVisualStudioVersion = 10.0.40219.1
Project("{9A19103F-16F7-4668-BE54-9A1E7A4F7556}") = "PhotoSharingApplication.Web", "PhotoSharingApplication.Web\PhotoSharingApplication.Web.csproj", "{08FDC6DA-D60E-4D62-9D7D-EC4018752178}"
EndProject
Project("{9A19103F-16F7-4668-BE54-9A1E7A4F7556}") = "PhotoSharingApplication.Core", "PhotoSharingApplication.Core\PhotoSharingApplication.Core.csproj", "{7A4CAC3F-560E-4D65-A63D-AFBFDA574D0A}"
EndProject
Project("{9A19103F-16F7-4668-BE54-9A1E7A4F7556}") = "PhotoSharingApplication.Infrastructure", "PhotoSharingApplication.Infrastructure\PhotoSharingApplication.Infrastructure.csproj", "{56D995C6-3F57-4197-B13C-293C0F3D645D}"
EndProject
Project("{9A19103F-16F7-4668-BE54-9A1E7A4F7556}") = "PhotoSharingApplication.Blazor.Client", "PhotoSharingApplication.Blazor\Client\PhotoSharingApplication.Blazor.Client.csproj", "{D0CAF87E-FB74-43CA-870A-5301A91DBBE8}"
EndProject
Project("{9A19103F-16F7-4668-BE54-9A1E7A4F7556}") = "PhotoSharingApplication.Blazor.Core", "PhotoSharingApplication.Blazor.Core\PhotoSharingApplication.Blazor.Core.csproj", "{89C662FF-A528-4905-9F5D-C484C5C6C7EE}"
EndProject
Project("{9A19103F-16F7-4668-BE54-9A1E7A4F7556}") = "PhotoSharingApplication.Blazor.Infrastructure", "PhotoSharingApplication.Blazor.Infrastructure\PhotoSharingApplication.Blazor.Infrastructure.csproj", "{54A4F65B-549E-4D19-9DC7-9647EADDE018}"
EndProject
Project("{9A19103F-16F7-4668-BE54-9A1E7A4F7556}") = "PhotoSharingApplication.Shared", "PhotoSharingApplication.Shared\PhotoSharingApplication.Shared.csproj", "{E1EB5361-BA2F-4343-9A31-E508375C25F5}"
EndProject
Project("{FAE04EC0-301F-11D3-BF4B-00C04F79EFBC}") = "PhotoSharingApplication.Web.UnitTests", "PhotoSharingApplication.Web.UnitTests\PhotoSharingApplication.Web.UnitTests.csproj", "{72B6C8E8-0D2B-45EB-BF3D-6B0175EE9A97}"
EndProject
Global
	GlobalSection(SolutionConfigurationPlatforms) = preSolution
		Debug|Any CPU = Debug|Any CPU
		Release|Any CPU = Release|Any CPU
	EndGlobalSection
	GlobalSection(ProjectConfigurationPlatforms) = postSolution
		{08FDC6DA-D60E-4D62-9D7D-EC4018752178}.Debug|Any CPU.ActiveCfg = Debug|Any CPU
		{08FDC6DA-D60E-4D62-9D7D-EC4018752178}.Debug|Any CPU.Build.0 = Debug|Any CPU
		{08FDC6DA-D60E-4D62-9D7D-EC4018752178}.Release|Any CPU.ActiveCfg = Release|Any CPU
		{08FDC6DA-D60E-4D62-9D7D-EC4018752178}.Release|Any CPU.Build.0 = Release|Any CPU
		{7A4CAC3F-560E-4D65-A63D-AFBFDA574D0A}.Debug|Any CPU.ActiveCfg = Debug|Any CPU
		{7A4CAC3F-560E-4D65-A63D-AFBFDA574D0A}.Debug|Any CPU.Build.0 = Debug|Any CPU
		{7A4CAC3F-560E-4D65-A63D-AFBFDA574D0A}.Release|Any CPU.ActiveCfg = Release|Any CPU
		{7A4CAC3F-560E-4D65-A63D-AFBFDA574D0A}.Release|Any CPU.Build.0 = Release|Any CPU
		{56D995C6-3F57-4197-B13C-293C0F3D645D}.Debug|Any CPU.ActiveCfg = Debug|Any CPU
		{56D995C6-3F57-4197-B13C-293C0F3D645D}.Debug|Any CPU.Build.0 = Debug|Any CPU
		{56D995C6-3F57-4197-B13C-293C0F3D645D}.Release|Any CPU.ActiveCfg = Release|Any CPU
		{56D995C6-3F57-4197-B13C-293C0F3D645D}.Release|Any CPU.Build.0 = Release|Any CPU
		{D0CAF87E-FB74-43CA-870A-5301A91DBBE8}.Debug|Any CPU.ActiveCfg = Debug|Any CPU
		{D0CAF87E-FB74-43CA-870A-5301A91DBBE8}.Debug|Any CPU.Build.0 = Debug|Any CPU
		{D0CAF87E-FB74-43CA-870A-5301A91DBBE8}.Release|Any CPU.ActiveCfg = Release|Any CPU
		{D0CAF87E-FB74-43CA-870A-5301A91DBBE8}.Release|Any CPU.Build.0 = Release|Any CPU
		{89C662FF-A528-4905-9F5D-C484C5C6C7EE}.Debug|Any CPU.ActiveCfg = Debug|Any CPU
		{89C662FF-A528-4905-9F5D-C484C5C6C7EE}.Debug|Any CPU.Build.0 = Debug|Any CPU
		{89C662FF-A528-4905-9F5D-C484C5C6C7EE}.Release|Any CPU.ActiveCfg = Release|Any CPU
		{89C662FF-A528-4905-9F5D-C484C5C6C7EE}.Release|Any CPU.Build.0 = Release|Any CPU
		{54A4F65B-549E-4D19-9DC7-9647EADDE018}.Debug|Any CPU.ActiveCfg = Debug|Any CPU
		{54A4F65B-549E-4D19-9DC7-9647EADDE018}.Debug|Any CPU.Build.0 = Debug|Any CPU
		{54A4F65B-549E-4D19-9DC7-9647EADDE018}.Release|Any CPU.ActiveCfg = Release|Any CPU
		{54A4F65B-549E-4D19-9DC7-9647EADDE018}.Release|Any CPU.Build.0 = Release|Any CPU
		{E1EB5361-BA2F-4343-9A31-E508375C25F5}.Debug|Any CPU.ActiveCfg = Debug|Any CPU
		{E1EB5361-BA2F-4343-9A31-E508375C25F5}.Debug|Any CPU.Build.0 = Debug|Any CPU
		{E1EB5361-BA2F-4343-9A31-E508375C25F5}.Release|Any CPU.ActiveCfg = Release|Any CPU
		{E1EB5361-BA2F-4343-9A31-E508375C25F5}.Release|Any CPU.Build.0 = Release|Any CPU
		{72B6C8E8-0D2B-45EB-BF3D-6B0175EE9A97}.Debug|Any CPU.ActiveCfg = Debug|Any CPU
		{72B6C8E8-0D2B-45EB-BF3D-6B0175EE9A97}.Debug|Any CPU.Build.0 = Debug|Any CPU
		{72B6C8E8-0D2B-45EB-BF3D-6B0175EE9A97}.Release|Any CPU.ActiveCfg = Release|Any CPU
		{72B6C8E8-0D2B-45EB-BF3D-6B0175EE9A97}.Release|Any CPU.Build.0 = Release|Any CPU
	EndGlobalSection
	GlobalSection(SolutionProperties) = preSolution
		HideSolutionNode = FALSE
	EndGlobalSection
	GlobalSection(ExtensibilityGlobals) = postSolution
		SolutionGuid = {E9A585CC-05EC-45E8-8818-CC2F58AF6E61}
	EndGlobalSection
EndGlobal
